
Microsoft Visual Studio Solution File, Format Version 12.00
# Visual Studio Version 17
VisualStudioVersion = 17.0.31912.275
MinimumVisualStudioVersion = 10.0.40219.1
Project("{9A19103F-16F7-4668-BE54-9A1E7A4F7556}") = "TestProject1", "TestProject1\TestProject1.csproj", "{98AB03C3-597F-48D7-968F-33F804A94AFC}"
EndProject
Project("{FAE04EC0-301F-11D3-BF4B-00C04F79EFBC}") = "Lecture16_Parallelism", "Lecture16_Parallelism\Lecture16_Parallelism.csproj", "{6C757DDD-54AE-4BE5-8DA0-205B69D33A13}"
EndProject
Global
	GlobalSection(SolutionConfigurationPlatforms) = preSolution
		Debug|Any CPU = Debug|Any CPU
		Release|Any CPU = Release|Any CPU
	EndGlobalSection
	GlobalSection(ProjectConfigurationPlatforms) = postSolution
		{98AB03C3-597F-48D7-968F-33F804A94AFC}.Debug|Any CPU.ActiveCfg = Debug|Any CPU
		{98AB03C3-597F-48D7-968F-33F804A94AFC}.Debug|Any CPU.Build.0 = Debug|Any CPU
		{98AB03C3-597F-48D7-968F-33F804A94AFC}.Release|Any CPU.ActiveCfg = Release|Any CPU
		{98AB03C3-597F-48D7-968F-33F804A94AFC}.Release|Any CPU.Build.0 = Release|Any CPU
		{6C757DDD-54AE-4BE5-8DA0-205B69D33A13}.Debug|Any CPU.ActiveCfg = Debug|Any CPU
		{6C757DDD-54AE-4BE5-8DA0-205B69D33A13}.Debug|Any CPU.Build.0 = Debug|Any CPU
		{6C757DDD-54AE-4BE5-8DA0-205B69D33A13}.Release|Any CPU.ActiveCfg = Release|Any CPU
		{6C757DDD-54AE-4BE5-8DA0-205B69D33A13}.Release|Any CPU.Build.0 = Release|Any CPU
	EndGlobalSection
	GlobalSection(SolutionProperties) = preSolution
		HideSolutionNode = FALSE
	EndGlobalSection
	GlobalSection(ExtensibilityGlobals) = postSolution
		SolutionGuid = {0DA6A7F3-2E82-45A1-89BB-181026719C08}
	EndGlobalSection
EndGlobal
